%{"hackney": {:package, "0.13.1"},
  "httpoison": {:package, "0.4.1"},
  "httpotion": {:package, "0.2.4"},
  "ibrowse": {:git, "git://github.com/cmullaparthi/ibrowse.git", "7871e2ebe8811efb64e1917e2de455fa87e8dfe3", [tag: "v4.1.0"]},
  "idna": {:package, "1.0.1"},
  "jsex": {:package, "2.0.0"},
  "jsx": {:package, "2.0.4"},
  "poison": {:git, "https://github.com/devinus/poison.git", "cf4f2aed07915cbb8d60f1d34b56ce8c7d7d3f1a", []},
  "timex": {:package, "0.12.4"}}
